// !$*UTF8*$!
{
	archiveVersion = 1;
	classes = {
	};
	objectVersion = 50;
	objects = {

/* Begin PBXBuildFile section */
		7906DEE8208E123900CD11A1 /* ROSModel.swift in Sources */ = {isa = PBXBuildFile; fileRef = 7906DEE6208E123900CD11A1 /* ROSModel.swift */; };
		7906DEE9208E123900CD11A1 /* ROSViewController.swift in Sources */ = {isa = PBXBuildFile; fileRef = 7906DEE7208E123900CD11A1 /* ROSViewController.swift */; };
		7906DEEC208E16A800CD11A1 /* DoctorViewController.swift in Sources */ = {isa = PBXBuildFile; fileRef = 7906DEEA208E16A700CD11A1 /* DoctorViewController.swift */; };
		7906DEED208E16A800CD11A1 /* DoctorModel.swift in Sources */ = {isa = PBXBuildFile; fileRef = 7906DEEB208E16A700CD11A1 /* DoctorModel.swift */; };
		79071F45225E483C0092E8F3 /* ADHDVC.swift in Sources */ = {isa = PBXBuildFile; fileRef = 79071F44225E483C0092E8F3 /* ADHDVC.swift */; };
		79071F47225E493E0092E8F3 /* ADHDModel.swift in Sources */ = {isa = PBXBuildFile; fileRef = 79071F46225E493E0092E8F3 /* ADHDModel.swift */; };
		7913205C2077C85100CB1537 /* AppDelegate.swift in Sources */ = {isa = PBXBuildFile; fileRef = 7913205B2077C85100CB1537 /* AppDelegate.swift */; };
		7913205E2077C85100CB1537 /* ViewController.swift in Sources */ = {isa = PBXBuildFile; fileRef = 7913205D2077C85100CB1537 /* ViewController.swift */; };
		791320602077C85100CB1537 /* Document.swift in Sources */ = {isa = PBXBuildFile; fileRef = 7913205F2077C85100CB1537 /* Document.swift */; };
		791320622077C85200CB1537 /* Assets.xcassets in Resources */ = {isa = PBXBuildFile; fileRef = 791320612077C85200CB1537 /* Assets.xcassets */; };
		791320652077C85200CB1537 /* Main.storyboard in Resources */ = {isa = PBXBuildFile; fileRef = 791320632077C85200CB1537 /* Main.storyboard */; };
		79349EA821765B420020F88B /* OrderedDictionary.swift in Sources */ = {isa = PBXBuildFile; fileRef = 79349EA721765B420020F88B /* OrderedDictionary.swift */; };
		79400C1421D53458008B7CFE /* SpellChecker.swift in Sources */ = {isa = PBXBuildFile; fileRef = 79400C1321D53458008B7CFE /* SpellChecker.swift */; };
		79412AD92310318C00216702 /* Pain.storyboard in Resources */ = {isa = PBXBuildFile; fileRef = 79412AD72310318C00216702 /* Pain.storyboard */; };
		79412ADB2310322C00216702 /* PillCountVC.swift in Sources */ = {isa = PBXBuildFile; fileRef = 79412ADA2310322C00216702 /* PillCountVC.swift */; };
		79477C8C21779A9B00E9219D /* AssessmentModel.swift in Sources */ = {isa = PBXBuildFile; fileRef = 79477C8B21779A9B00E9219D /* AssessmentModel.swift */; };
		795B7235219B47800010B07E /* TitlesAndOutput.swift in Sources */ = {isa = PBXBuildFile; fileRef = 795B7234219B47800010B07E /* TitlesAndOutput.swift */; };
		795C875321B71BD700E99E0C /* Doc.storyboard in Resources */ = {isa = PBXBuildFile; fileRef = 795C875121B71BD700E99E0C /* Doc.storyboard */; };
		7964A238208F7DFF00B5790A /* StringExtensions.swift in Sources */ = {isa = PBXBuildFile; fileRef = 7964A237208F7DFF00B5790A /* StringExtensions.swift */; };
		7967689821F7745F000A836F /* PreferencesViewController.swift in Sources */ = {isa = PBXBuildFile; fileRef = 7967689621F7745F000A836F /* PreferencesViewController.swift */; };
		7967689A21F7750D000A836F /* PreferencesModel.swift in Sources */ = {isa = PBXBuildFile; fileRef = 7967689921F7750D000A836F /* PreferencesModel.swift */; };
		798BBB4520939617002A28AA /* ESSController.swift in Sources */ = {isa = PBXBuildFile; fileRef = 798BBB3D20939613002A28AA /* ESSController.swift */; };
		798BBB4620939617002A28AA /* IncontinenceController.swift in Sources */ = {isa = PBXBuildFile; fileRef = 798BBB3E20939613002A28AA /* IncontinenceController.swift */; };
		798BBB4720939617002A28AA /* PHQ9Controller.swift in Sources */ = {isa = PBXBuildFile; fileRef = 798BBB3F20939614002A28AA /* PHQ9Controller.swift */; };
		798BBB4820939617002A28AA /* MemoryController.swift in Sources */ = {isa = PBXBuildFile; fileRef = 798BBB4020939615002A28AA /* MemoryController.swift */; };
		798BBB4920939617002A28AA /* PHQ9Model.swift in Sources */ = {isa = PBXBuildFile; fileRef = 798BBB4120939615002A28AA /* PHQ9Model.swift */; };
		798BBB4A20939617002A28AA /* ESSModel.swift in Sources */ = {isa = PBXBuildFile; fileRef = 798BBB4220939616002A28AA /* ESSModel.swift */; };
		798BBB4B20939617002A28AA /* MemoryModel.swift in Sources */ = {isa = PBXBuildFile; fileRef = 798BBB4320939616002A28AA /* MemoryModel.swift */; };
		798BBB4C20939617002A28AA /* IncontinenceModel.swift in Sources */ = {isa = PBXBuildFile; fileRef = 798BBB4420939617002A28AA /* IncontinenceModel.swift */; };
		798BBB5320939C20002A28AA /* MWEController.swift in Sources */ = {isa = PBXBuildFile; fileRef = 798BBB5120939C1F002A28AA /* MWEController.swift */; };
		798BBB5420939C20002A28AA /* MWEModel.swift in Sources */ = {isa = PBXBuildFile; fileRef = 798BBB5220939C20002A28AA /* MWEModel.swift */; };
		798BBB582093A000002A28AA /* PreventiveModel.swift in Sources */ = {isa = PBXBuildFile; fileRef = 798BBB5620939FFF002A28AA /* PreventiveModel.swift */; };
		798BBB592093A000002A28AA /* PreventiveController.swift in Sources */ = {isa = PBXBuildFile; fileRef = 798BBB572093A000002A28AA /* PreventiveController.swift */; };
		798BD5A220D15FA500FD089B /* CheckOutVC.swift in Sources */ = {isa = PBXBuildFile; fileRef = 798BD5A120D15FA500FD089B /* CheckOutVC.swift */; };
		798CA1C520BEEB5700FA3D22 /* MedicineReviewVC.swift in Sources */ = {isa = PBXBuildFile; fileRef = 798CA1C420BEEB5700FA3D22 /* MedicineReviewVC.swift */; };
		798D8E6720E2847F00BE657E /* MoodModel.swift in Sources */ = {isa = PBXBuildFile; fileRef = 798D8E6620E2847F00BE657E /* MoodModel.swift */; };
		799C11BD20ADD2A000FBCC13 /* LabSetUpPrintViewController.swift in Sources */ = {isa = PBXBuildFile; fileRef = 799C11BB20ADD2A000FBCC13 /* LabSetUpPrintViewController.swift */; };
		799C221B20C6D57900DC9993 /* PTVNWindowController.swift in Sources */ = {isa = PBXBuildFile; fileRef = 799C221A20C6D57900DC9993 /* PTVNWindowController.swift */; };
		799C221D20C6F89B00DC9993 /* PTVNTabView.swift in Sources */ = {isa = PBXBuildFile; fileRef = 799C221C20C6F89B00DC9993 /* PTVNTabView.swift */; };
		79AFDF5120C04B33007FAB5C /* LineContainingView.swift in Sources */ = {isa = PBXBuildFile; fileRef = 79AFDF5020C04B33007FAB5C /* LineContainingView.swift */; };
		79AFDF5320C04B8F007FAB5C /* CheckBoxContainingView.swift in Sources */ = {isa = PBXBuildFile; fileRef = 79AFDF5220C04B8F007FAB5C /* CheckBoxContainingView.swift */; };
		79AFE1CE2188A124007F4A5E /* ROS.storyboard in Resources */ = {isa = PBXBuildFile; fileRef = 79AFE1CD2188A124007F4A5E /* ROS.storyboard */; };
		79AFE1D12188A223007F4A5E /* PhysicalExam.storyboard in Resources */ = {isa = PBXBuildFile; fileRef = 79AFE1CF2188A223007F4A5E /* PhysicalExam.storyboard */; };
		79AFE1D32188C646007F4A5E /* BlackLineClass.swift in Sources */ = {isa = PBXBuildFile; fileRef = 79AFE1D22188C646007F4A5E /* BlackLineClass.swift */; };
		79CCA6A22090B73F00909285 /* PainModel.swift in Sources */ = {isa = PBXBuildFile; fileRef = 79CCA6942090B73D00909285 /* PainModel.swift */; };
		79CCA6A32090B73F00909285 /* RadRefViewController.swift in Sources */ = {isa = PBXBuildFile; fileRef = 79CCA6952090B73D00909285 /* RadRefViewController.swift */; };
		79CCA6A42090B73F00909285 /* HPIViewController.swift in Sources */ = {isa = PBXBuildFile; fileRef = 79CCA6962090B73D00909285 /* HPIViewController.swift */; };
		79CCA6A52090B73F00909285 /* PainViewController.swift in Sources */ = {isa = PBXBuildFile; fileRef = 79CCA6972090B73D00909285 /* PainViewController.swift */; };
		79CCA6A62090B73F00909285 /* HPIModel.swift in Sources */ = {isa = PBXBuildFile; fileRef = 79CCA6982090B73D00909285 /* HPIModel.swift */; };
		79CCA6A72090B73F00909285 /* ProcInjViewController.swift in Sources */ = {isa = PBXBuildFile; fileRef = 79CCA6992090B73D00909285 /* ProcInjViewController.swift */; };
		79CCA6A82090B73F00909285 /* DMViewController.swift in Sources */ = {isa = PBXBuildFile; fileRef = 79CCA69A2090B73E00909285 /* DMViewController.swift */; };
		79CCA6A92090B73F00909285 /* LabsModel.swift in Sources */ = {isa = PBXBuildFile; fileRef = 79CCA69B2090B73E00909285 /* LabsModel.swift */; };
		79CCA6AA2090B73F00909285 /* ProcInjModel.swift in Sources */ = {isa = PBXBuildFile; fileRef = 79CCA69C2090B73E00909285 /* ProcInjModel.swift */; };
		79CCA6AB2090B73F00909285 /* WWEModel.swift in Sources */ = {isa = PBXBuildFile; fileRef = 79CCA69D2090B73E00909285 /* WWEModel.swift */; };
		79CCA6AC2090B73F00909285 /* RadRefModel.swift in Sources */ = {isa = PBXBuildFile; fileRef = 79CCA69E2090B73E00909285 /* RadRefModel.swift */; };
		79CCA6AD2090B73F00909285 /* LabsViewController.swift in Sources */ = {isa = PBXBuildFile; fileRef = 79CCA69F2090B73E00909285 /* LabsViewController.swift */; };
		79CCA6AE2090B73F00909285 /* WWEViewController.swift in Sources */ = {isa = PBXBuildFile; fileRef = 79CCA6A02090B73E00909285 /* WWEViewController.swift */; };
		79CCA6AF2090B73F00909285 /* DMModel.swift in Sources */ = {isa = PBXBuildFile; fileRef = 79CCA6A12090B73F00909285 /* DMModel.swift */; };
		79CCA6C32090D16500909285 /* ENT Model.swift in Sources */ = {isa = PBXBuildFile; fileRef = 79CCA6BD2090D16400909285 /* ENT Model.swift */; };
		79CCA6C42090D16500909285 /* General Model.swift in Sources */ = {isa = PBXBuildFile; fileRef = 79CCA6BE2090D16400909285 /* General Model.swift */; };
		79CCA6C52090D16500909285 /* HeadEye Model.swift in Sources */ = {isa = PBXBuildFile; fileRef = 79CCA6BF2090D16400909285 /* HeadEye Model.swift */; };
		79CCA6C62090D16500909285 /* GenPsychHEENTNeck VC.swift in Sources */ = {isa = PBXBuildFile; fileRef = 79CCA6C02090D16400909285 /* GenPsychHEENTNeck VC.swift */; };
		79CCA6C72090D16500909285 /* Psychological Model.swift in Sources */ = {isa = PBXBuildFile; fileRef = 79CCA6C12090D16400909285 /* Psychological Model.swift */; };
		79CCA6C82090D16500909285 /* Neck Model.swift in Sources */ = {isa = PBXBuildFile; fileRef = 79CCA6C22090D16500909285 /* Neck Model.swift */; };
		79CCA6CF2090D49F00909285 /* CV Model.swift in Sources */ = {isa = PBXBuildFile; fileRef = 79CCA6CA2090D49D00909285 /* CV Model.swift */; };
		79CCA6D02090D49F00909285 /* Chest Model.swift in Sources */ = {isa = PBXBuildFile; fileRef = 79CCA6CB2090D49D00909285 /* Chest Model.swift */; };
		79CCA6D12090D49F00909285 /* CVChestGILymph VC.swift in Sources */ = {isa = PBXBuildFile; fileRef = 79CCA6CC2090D49E00909285 /* CVChestGILymph VC.swift */; };
		79CCA6D22090D49F00909285 /* GI Model.swift in Sources */ = {isa = PBXBuildFile; fileRef = 79CCA6CD2090D49E00909285 /* GI Model.swift */; };
		79CCA6D32090D49F00909285 /* Lymph Model.swift in Sources */ = {isa = PBXBuildFile; fileRef = 79CCA6CE2090D49E00909285 /* Lymph Model.swift */; };
		79CCA6D92090D5F600909285 /* DigitAssessment.swift in Sources */ = {isa = PBXBuildFile; fileRef = 79CCA6D52090D5F500909285 /* DigitAssessment.swift */; };
		79CCA6DA2090D5F600909285 /* LimbAssessment.swift in Sources */ = {isa = PBXBuildFile; fileRef = 79CCA6D62090D5F600909285 /* LimbAssessment.swift */; };
		79CCA6DB2090D5F600909285 /* Extremities VC.swift in Sources */ = {isa = PBXBuildFile; fileRef = 79CCA6D72090D5F600909285 /* Extremities VC.swift */; };
		79CCA6DC2090D5F600909285 /* Extremties Model.swift in Sources */ = {isa = PBXBuildFile; fileRef = 79CCA6D82090D5F600909285 /* Extremties Model.swift */; };
		79CCA6E32090DA4200909285 /* Gyn Model.swift in Sources */ = {isa = PBXBuildFile; fileRef = 79CCA6DE2090DA3F00909285 /* Gyn Model.swift */; };
		79CCA6E42090DA4200909285 /* GU Model.swift in Sources */ = {isa = PBXBuildFile; fileRef = 79CCA6DF2090DA4000909285 /* GU Model.swift */; };
		79CCA6E52090DA4200909285 /* Skin Model.swift in Sources */ = {isa = PBXBuildFile; fileRef = 79CCA6E02090DA4000909285 /* Skin Model.swift */; };
		79CCA6E62090DA4200909285 /* SkinGynGUDRE VC.swift in Sources */ = {isa = PBXBuildFile; fileRef = 79CCA6E12090DA4100909285 /* SkinGynGUDRE VC.swift */; };
		79CCA6E72090DA4200909285 /* DRE Model.swift in Sources */ = {isa = PBXBuildFile; fileRef = 79CCA6E22090DA4100909285 /* DRE Model.swift */; };
		79CCA6EB2090DB7D00909285 /* Breast VC.swift in Sources */ = {isa = PBXBuildFile; fileRef = 79CCA6E92090DB7C00909285 /* Breast VC.swift */; };
		79CCA6EC2090DB7D00909285 /* Breast Model.swift in Sources */ = {isa = PBXBuildFile; fileRef = 79CCA6EA2090DB7C00909285 /* Breast Model.swift */; };
		79CCA6F12090DC4E00909285 /* MSK Model.swift in Sources */ = {isa = PBXBuildFile; fileRef = 79CCA6EE2090DC4D00909285 /* MSK Model.swift */; };
		79CCA6F22090DC4E00909285 /* Neuro Model.swift in Sources */ = {isa = PBXBuildFile; fileRef = 79CCA6EF2090DC4D00909285 /* Neuro Model.swift */; };
		79CCA6F32090DC4E00909285 /* NeuroMSK VC.swift in Sources */ = {isa = PBXBuildFile; fileRef = 79CCA6F02090DC4E00909285 /* NeuroMSK VC.swift */; };
		79DDB9E9208786A500E01853 /* PTVNModel.swift in Sources */ = {isa = PBXBuildFile; fileRef = 79DDB9E8208786A500E01853 /* PTVNModel.swift */; };
		79DDB9ED208786BE00E01853 /* GeneralExtensions.swift in Sources */ = {isa = PBXBuildFile; fileRef = 79DDB9EA208786BE00E01853 /* GeneralExtensions.swift */; };
		79DDB9EE208786BE00E01853 /* Buttons.swift in Sources */ = {isa = PBXBuildFile; fileRef = 79DDB9EB208786BE00E01853 /* Buttons.swift */; };
		79E60BD920DBF56700BC775B /* MoodVC.swift in Sources */ = {isa = PBXBuildFile; fileRef = 79E60BD820DBF56700BC775B /* MoodVC.swift */; };
/* End PBXBuildFile section */

/* Begin PBXFileReference section */
		7906DEE6208E123900CD11A1 /* ROSModel.swift */ = {isa = PBXFileReference; fileEncoding = 4; lastKnownFileType = sourcecode.swift; path = ROSModel.swift; sourceTree = "<group>"; };
		7906DEE7208E123900CD11A1 /* ROSViewController.swift */ = {isa = PBXFileReference; fileEncoding = 4; lastKnownFileType = sourcecode.swift; path = ROSViewController.swift; sourceTree = "<group>"; };
		7906DEEA208E16A700CD11A1 /* DoctorViewController.swift */ = {isa = PBXFileReference; fileEncoding = 4; lastKnownFileType = sourcecode.swift; path = DoctorViewController.swift; sourceTree = "<group>"; };
		7906DEEB208E16A700CD11A1 /* DoctorModel.swift */ = {isa = PBXFileReference; fileEncoding = 4; lastKnownFileType = sourcecode.swift; path = DoctorModel.swift; sourceTree = "<group>"; };
		79071F44225E483C0092E8F3 /* ADHDVC.swift */ = {isa = PBXFileReference; lastKnownFileType = sourcecode.swift; path = ADHDVC.swift; sourceTree = "<group>"; };
		79071F46225E493E0092E8F3 /* ADHDModel.swift */ = {isa = PBXFileReference; lastKnownFileType = sourcecode.swift; path = ADHDModel.swift; sourceTree = "<group>"; };
		791320582077C85100CB1537 /* PTVN Editor.app */ = {isa = PBXFileReference; explicitFileType = wrapper.application; includeInIndex = 0; path = "PTVN Editor.app"; sourceTree = BUILT_PRODUCTS_DIR; };
		7913205B2077C85100CB1537 /* AppDelegate.swift */ = {isa = PBXFileReference; lastKnownFileType = sourcecode.swift; path = AppDelegate.swift; sourceTree = "<group>"; };
		7913205D2077C85100CB1537 /* ViewController.swift */ = {isa = PBXFileReference; lastKnownFileType = sourcecode.swift; path = ViewController.swift; sourceTree = "<group>"; };
		7913205F2077C85100CB1537 /* Document.swift */ = {isa = PBXFileReference; lastKnownFileType = sourcecode.swift; path = Document.swift; sourceTree = "<group>"; };
		791320612077C85200CB1537 /* Assets.xcassets */ = {isa = PBXFileReference; lastKnownFileType = folder.assetcatalog; path = Assets.xcassets; sourceTree = "<group>"; };
		791320642077C85200CB1537 /* Base */ = {isa = PBXFileReference; lastKnownFileType = file.storyboard; name = Base; path = Base.lproj/Main.storyboard; sourceTree = "<group>"; };
		791320662077C85200CB1537 /* Info.plist */ = {isa = PBXFileReference; lastKnownFileType = text.plist.xml; path = Info.plist; sourceTree = "<group>"; };
		791320672077C85200CB1537 /* PTVN_Editor.entitlements */ = {isa = PBXFileReference; lastKnownFileType = text.plist.entitlements; path = PTVN_Editor.entitlements; sourceTree = "<group>"; };
		79349EA721765B420020F88B /* OrderedDictionary.swift */ = {isa = PBXFileReference; lastKnownFileType = sourcecode.swift; path = OrderedDictionary.swift; sourceTree = "<group>"; };
		79400C1321D53458008B7CFE /* SpellChecker.swift */ = {isa = PBXFileReference; lastKnownFileType = sourcecode.swift; path = SpellChecker.swift; sourceTree = "<group>"; };
		79412AD82310318C00216702 /* Base */ = {isa = PBXFileReference; lastKnownFileType = file.storyboard; name = Base; path = Base.lproj/Pain.storyboard; sourceTree = "<group>"; };
		79412ADA2310322C00216702 /* PillCountVC.swift */ = {isa = PBXFileReference; lastKnownFileType = sourcecode.swift; path = PillCountVC.swift; sourceTree = "<group>"; };
		79477C8B21779A9B00E9219D /* AssessmentModel.swift */ = {isa = PBXFileReference; lastKnownFileType = sourcecode.swift; path = AssessmentModel.swift; sourceTree = "<group>"; };
		795B7234219B47800010B07E /* TitlesAndOutput.swift */ = {isa = PBXFileReference; lastKnownFileType = sourcecode.swift; path = TitlesAndOutput.swift; sourceTree = "<group>"; };
		795C875221B71BD700E99E0C /* Base */ = {isa = PBXFileReference; lastKnownFileType = file.storyboard; name = Base; path = "PTVN Editor/Base.lproj/Doc.storyboard"; sourceTree = "<group>"; };
		7964A237208F7DFF00B5790A /* StringExtensions.swift */ = {isa = PBXFileReference; fileEncoding = 4; lastKnownFileType = sourcecode.swift; path = StringExtensions.swift; sourceTree = "<group>"; };
		7967689621F7745F000A836F /* PreferencesViewController.swift */ = {isa = PBXFileReference; lastKnownFileType = sourcecode.swift; path = PreferencesViewController.swift; sourceTree = "<group>"; };
		7967689921F7750D000A836F /* PreferencesModel.swift */ = {isa = PBXFileReference; lastKnownFileType = sourcecode.swift; path = PreferencesModel.swift; sourceTree = "<group>"; };
		798BBB3D20939613002A28AA /* ESSController.swift */ = {isa = PBXFileReference; fileEncoding = 4; lastKnownFileType = sourcecode.swift; path = ESSController.swift; sourceTree = "<group>"; };
		798BBB3E20939613002A28AA /* IncontinenceController.swift */ = {isa = PBXFileReference; fileEncoding = 4; lastKnownFileType = sourcecode.swift; path = IncontinenceController.swift; sourceTree = "<group>"; };
		798BBB3F20939614002A28AA /* PHQ9Controller.swift */ = {isa = PBXFileReference; fileEncoding = 4; lastKnownFileType = sourcecode.swift; path = PHQ9Controller.swift; sourceTree = "<group>"; };
		798BBB4020939615002A28AA /* MemoryController.swift */ = {isa = PBXFileReference; fileEncoding = 4; lastKnownFileType = sourcecode.swift; path = MemoryController.swift; sourceTree = "<group>"; };
		798BBB4120939615002A28AA /* PHQ9Model.swift */ = {isa = PBXFileReference; fileEncoding = 4; lastKnownFileType = sourcecode.swift; path = PHQ9Model.swift; sourceTree = "<group>"; };
		798BBB4220939616002A28AA /* ESSModel.swift */ = {isa = PBXFileReference; fileEncoding = 4; lastKnownFileType = sourcecode.swift; path = ESSModel.swift; sourceTree = "<group>"; };
		798BBB4320939616002A28AA /* MemoryModel.swift */ = {isa = PBXFileReference; fileEncoding = 4; lastKnownFileType = sourcecode.swift; path = MemoryModel.swift; sourceTree = "<group>"; };
		798BBB4420939617002A28AA /* IncontinenceModel.swift */ = {isa = PBXFileReference; fileEncoding = 4; lastKnownFileType = sourcecode.swift; path = IncontinenceModel.swift; sourceTree = "<group>"; };
		798BBB5120939C1F002A28AA /* MWEController.swift */ = {isa = PBXFileReference; fileEncoding = 4; lastKnownFileType = sourcecode.swift; path = MWEController.swift; sourceTree = "<group>"; };
		798BBB5220939C20002A28AA /* MWEModel.swift */ = {isa = PBXFileReference; fileEncoding = 4; lastKnownFileType = sourcecode.swift; path = MWEModel.swift; sourceTree = "<group>"; };
		798BBB5620939FFF002A28AA /* PreventiveModel.swift */ = {isa = PBXFileReference; fileEncoding = 4; lastKnownFileType = sourcecode.swift; path = PreventiveModel.swift; sourceTree = "<group>"; };
		798BBB572093A000002A28AA /* PreventiveController.swift */ = {isa = PBXFileReference; fileEncoding = 4; lastKnownFileType = sourcecode.swift; path = PreventiveController.swift; sourceTree = "<group>"; };
		798BD5A120D15FA500FD089B /* CheckOutVC.swift */ = {isa = PBXFileReference; lastKnownFileType = sourcecode.swift; path = CheckOutVC.swift; sourceTree = "<group>"; };
		798CA1C420BEEB5700FA3D22 /* MedicineReviewVC.swift */ = {isa = PBXFileReference; lastKnownFileType = sourcecode.swift; path = MedicineReviewVC.swift; sourceTree = "<group>"; };
		798D8E6620E2847F00BE657E /* MoodModel.swift */ = {isa = PBXFileReference; lastKnownFileType = sourcecode.swift; path = MoodModel.swift; sourceTree = "<group>"; };
		799C11BB20ADD2A000FBCC13 /* LabSetUpPrintViewController.swift */ = {isa = PBXFileReference; fileEncoding = 4; lastKnownFileType = sourcecode.swift; path = LabSetUpPrintViewController.swift; sourceTree = "<group>"; };
		799C221A20C6D57900DC9993 /* PTVNWindowController.swift */ = {isa = PBXFileReference; lastKnownFileType = sourcecode.swift; path = PTVNWindowController.swift; sourceTree = "<group>"; };
		799C221C20C6F89B00DC9993 /* PTVNTabView.swift */ = {isa = PBXFileReference; lastKnownFileType = sourcecode.swift; path = PTVNTabView.swift; sourceTree = "<group>"; };
		79AFDF5020C04B33007FAB5C /* LineContainingView.swift */ = {isa = PBXFileReference; lastKnownFileType = sourcecode.swift; path = LineContainingView.swift; sourceTree = "<group>"; };
		79AFDF5220C04B8F007FAB5C /* CheckBoxContainingView.swift */ = {isa = PBXFileReference; lastKnownFileType = sourcecode.swift; path = CheckBoxContainingView.swift; sourceTree = "<group>"; };
		79AFE1CD2188A124007F4A5E /* ROS.storyboard */ = {isa = PBXFileReference; fileEncoding = 4; lastKnownFileType = file.storyboard; path = ROS.storyboard; sourceTree = "<group>"; };
		79AFE1D02188A223007F4A5E /* Base */ = {isa = PBXFileReference; lastKnownFileType = file.storyboard; name = Base; path = "PTVN Editor/Base.lproj/PhysicalExam.storyboard"; sourceTree = "<group>"; };
		79AFE1D22188C646007F4A5E /* BlackLineClass.swift */ = {isa = PBXFileReference; fileEncoding = 4; lastKnownFileType = sourcecode.swift; path = BlackLineClass.swift; sourceTree = "<group>"; };
		79CCA6942090B73D00909285 /* PainModel.swift */ = {isa = PBXFileReference; fileEncoding = 4; lastKnownFileType = sourcecode.swift; path = PainModel.swift; sourceTree = "<group>"; };
		79CCA6952090B73D00909285 /* RadRefViewController.swift */ = {isa = PBXFileReference; fileEncoding = 4; lastKnownFileType = sourcecode.swift; path = RadRefViewController.swift; sourceTree = "<group>"; };
		79CCA6962090B73D00909285 /* HPIViewController.swift */ = {isa = PBXFileReference; fileEncoding = 4; lastKnownFileType = sourcecode.swift; path = HPIViewController.swift; sourceTree = "<group>"; };
		79CCA6972090B73D00909285 /* PainViewController.swift */ = {isa = PBXFileReference; fileEncoding = 4; lastKnownFileType = sourcecode.swift; path = PainViewController.swift; sourceTree = "<group>"; };
		79CCA6982090B73D00909285 /* HPIModel.swift */ = {isa = PBXFileReference; fileEncoding = 4; lastKnownFileType = sourcecode.swift; path = HPIModel.swift; sourceTree = "<group>"; };
		79CCA6992090B73D00909285 /* ProcInjViewController.swift */ = {isa = PBXFileReference; fileEncoding = 4; lastKnownFileType = sourcecode.swift; path = ProcInjViewController.swift; sourceTree = "<group>"; };
		79CCA69A2090B73E00909285 /* DMViewController.swift */ = {isa = PBXFileReference; fileEncoding = 4; lastKnownFileType = sourcecode.swift; path = DMViewController.swift; sourceTree = "<group>"; };
		79CCA69B2090B73E00909285 /* LabsModel.swift */ = {isa = PBXFileReference; fileEncoding = 4; lastKnownFileType = sourcecode.swift; path = LabsModel.swift; sourceTree = "<group>"; };
		79CCA69C2090B73E00909285 /* ProcInjModel.swift */ = {isa = PBXFileReference; fileEncoding = 4; lastKnownFileType = sourcecode.swift; path = ProcInjModel.swift; sourceTree = "<group>"; };
		79CCA69D2090B73E00909285 /* WWEModel.swift */ = {isa = PBXFileReference; fileEncoding = 4; lastKnownFileType = sourcecode.swift; path = WWEModel.swift; sourceTree = "<group>"; };
		79CCA69E2090B73E00909285 /* RadRefModel.swift */ = {isa = PBXFileReference; fileEncoding = 4; lastKnownFileType = sourcecode.swift; path = RadRefModel.swift; sourceTree = "<group>"; };
		79CCA69F2090B73E00909285 /* LabsViewController.swift */ = {isa = PBXFileReference; fileEncoding = 4; lastKnownFileType = sourcecode.swift; path = LabsViewController.swift; sourceTree = "<group>"; };
		79CCA6A02090B73E00909285 /* WWEViewController.swift */ = {isa = PBXFileReference; fileEncoding = 4; lastKnownFileType = sourcecode.swift; path = WWEViewController.swift; sourceTree = "<group>"; };
		79CCA6A12090B73F00909285 /* DMModel.swift */ = {isa = PBXFileReference; fileEncoding = 4; lastKnownFileType = sourcecode.swift; path = DMModel.swift; sourceTree = "<group>"; };
		79CCA6BD2090D16400909285 /* ENT Model.swift */ = {isa = PBXFileReference; lastKnownFileType = sourcecode.swift; path = "ENT Model.swift"; sourceTree = "<group>"; };
		79CCA6BE2090D16400909285 /* General Model.swift */ = {isa = PBXFileReference; lastKnownFileType = sourcecode.swift; path = "General Model.swift"; sourceTree = "<group>"; };
		79CCA6BF2090D16400909285 /* HeadEye Model.swift */ = {isa = PBXFileReference; lastKnownFileType = sourcecode.swift; path = "HeadEye Model.swift"; sourceTree = "<group>"; };
		79CCA6C02090D16400909285 /* GenPsychHEENTNeck VC.swift */ = {isa = PBXFileReference; lastKnownFileType = sourcecode.swift; path = "GenPsychHEENTNeck VC.swift"; sourceTree = "<group>"; };
		79CCA6C12090D16400909285 /* Psychological Model.swift */ = {isa = PBXFileReference; lastKnownFileType = sourcecode.swift; path = "Psychological Model.swift"; sourceTree = "<group>"; };
		79CCA6C22090D16500909285 /* Neck Model.swift */ = {isa = PBXFileReference; lastKnownFileType = sourcecode.swift; path = "Neck Model.swift"; sourceTree = "<group>"; };
		79CCA6CA2090D49D00909285 /* CV Model.swift */ = {isa = PBXFileReference; fileEncoding = 4; lastKnownFileType = sourcecode.swift; path = "CV Model.swift"; sourceTree = "<group>"; };
		79CCA6CB2090D49D00909285 /* Chest Model.swift */ = {isa = PBXFileReference; fileEncoding = 4; lastKnownFileType = sourcecode.swift; path = "Chest Model.swift"; sourceTree = "<group>"; };
		79CCA6CC2090D49E00909285 /* CVChestGILymph VC.swift */ = {isa = PBXFileReference; fileEncoding = 4; lastKnownFileType = sourcecode.swift; path = "CVChestGILymph VC.swift"; sourceTree = "<group>"; };
		79CCA6CD2090D49E00909285 /* GI Model.swift */ = {isa = PBXFileReference; fileEncoding = 4; lastKnownFileType = sourcecode.swift; path = "GI Model.swift"; sourceTree = "<group>"; };
		79CCA6CE2090D49E00909285 /* Lymph Model.swift */ = {isa = PBXFileReference; fileEncoding = 4; lastKnownFileType = sourcecode.swift; path = "Lymph Model.swift"; sourceTree = "<group>"; };
		79CCA6D52090D5F500909285 /* DigitAssessment.swift */ = {isa = PBXFileReference; fileEncoding = 4; lastKnownFileType = sourcecode.swift; path = DigitAssessment.swift; sourceTree = "<group>"; };
		79CCA6D62090D5F600909285 /* LimbAssessment.swift */ = {isa = PBXFileReference; fileEncoding = 4; lastKnownFileType = sourcecode.swift; path = LimbAssessment.swift; sourceTree = "<group>"; };
		79CCA6D72090D5F600909285 /* Extremities VC.swift */ = {isa = PBXFileReference; fileEncoding = 4; lastKnownFileType = sourcecode.swift; path = "Extremities VC.swift"; sourceTree = "<group>"; };
		79CCA6D82090D5F600909285 /* Extremties Model.swift */ = {isa = PBXFileReference; fileEncoding = 4; lastKnownFileType = sourcecode.swift; path = "Extremties Model.swift"; sourceTree = "<group>"; };
		79CCA6DE2090DA3F00909285 /* Gyn Model.swift */ = {isa = PBXFileReference; fileEncoding = 4; lastKnownFileType = sourcecode.swift; path = "Gyn Model.swift"; sourceTree = "<group>"; };
		79CCA6DF2090DA4000909285 /* GU Model.swift */ = {isa = PBXFileReference; fileEncoding = 4; lastKnownFileType = sourcecode.swift; path = "GU Model.swift"; sourceTree = "<group>"; };
		79CCA6E02090DA4000909285 /* Skin Model.swift */ = {isa = PBXFileReference; fileEncoding = 4; lastKnownFileType = sourcecode.swift; path = "Skin Model.swift"; sourceTree = "<group>"; };
		79CCA6E12090DA4100909285 /* SkinGynGUDRE VC.swift */ = {isa = PBXFileReference; fileEncoding = 4; lastKnownFileType = sourcecode.swift; path = "SkinGynGUDRE VC.swift"; sourceTree = "<group>"; };
		79CCA6E22090DA4100909285 /* DRE Model.swift */ = {isa = PBXFileReference; fileEncoding = 4; lastKnownFileType = sourcecode.swift; path = "DRE Model.swift"; sourceTree = "<group>"; };
		79CCA6E92090DB7C00909285 /* Breast VC.swift */ = {isa = PBXFileReference; fileEncoding = 4; lastKnownFileType = sourcecode.swift; path = "Breast VC.swift"; sourceTree = "<group>"; };
		79CCA6EA2090DB7C00909285 /* Breast Model.swift */ = {isa = PBXFileReference; fileEncoding = 4; lastKnownFileType = sourcecode.swift; path = "Breast Model.swift"; sourceTree = "<group>"; };
		79CCA6EE2090DC4D00909285 /* MSK Model.swift */ = {isa = PBXFileReference; fileEncoding = 4; lastKnownFileType = sourcecode.swift; path = "MSK Model.swift"; sourceTree = "<group>"; };
		79CCA6EF2090DC4D00909285 /* Neuro Model.swift */ = {isa = PBXFileReference; fileEncoding = 4; lastKnownFileType = sourcecode.swift; path = "Neuro Model.swift"; sourceTree = "<group>"; };
		79CCA6F02090DC4E00909285 /* NeuroMSK VC.swift */ = {isa = PBXFileReference; fileEncoding = 4; lastKnownFileType = sourcecode.swift; path = "NeuroMSK VC.swift"; sourceTree = "<group>"; };
		79DDB9E8208786A500E01853 /* PTVNModel.swift */ = {isa = PBXFileReference; fileEncoding = 4; lastKnownFileType = sourcecode.swift; path = PTVNModel.swift; sourceTree = "<group>"; };
		79DDB9EA208786BE00E01853 /* GeneralExtensions.swift */ = {isa = PBXFileReference; fileEncoding = 4; lastKnownFileType = sourcecode.swift; path = GeneralExtensions.swift; sourceTree = "<group>"; };
		79DDB9EB208786BE00E01853 /* Buttons.swift */ = {isa = PBXFileReference; fileEncoding = 4; lastKnownFileType = sourcecode.swift; path = Buttons.swift; sourceTree = "<group>"; };
		79E60BD820DBF56700BC775B /* MoodVC.swift */ = {isa = PBXFileReference; lastKnownFileType = sourcecode.swift; path = MoodVC.swift; sourceTree = "<group>"; };
/* End PBXFileReference section */

/* Begin PBXFrameworksBuildPhase section */
		791320552077C85100CB1537 /* Frameworks */ = {
			isa = PBXFrameworksBuildPhase;
			buildActionMask = 2147483647;
			files = (
			);
			runOnlyForDeploymentPostprocessing = 0;
		};
/* End PBXFrameworksBuildPhase section */

/* Begin PBXGroup section */
		79071F48225E494C0092E8F3 /* ADHD */ = {
			isa = PBXGroup;
			children = (
				79071F44225E483C0092E8F3 /* ADHDVC.swift */,
				79071F46225E493E0092E8F3 /* ADHDModel.swift */,
			);
			path = ADHD;
			sourceTree = "<group>";
		};
		7913204F2077C85100CB1537 = {
			isa = PBXGroup;
			children = (
				791320632077C85200CB1537 /* Main.storyboard */,
				79AFE1CF2188A223007F4A5E /* PhysicalExam.storyboard */,
				7913205A2077C85100CB1537 /* PTVN Editor */,
				791320592077C85100CB1537 /* Products */,
			);
			sourceTree = "<group>";
		};
		791320592077C85100CB1537 /* Products */ = {
			isa = PBXGroup;
			children = (
				791320582077C85100CB1537 /* PTVN Editor.app */,
			);
			name = Products;
			sourceTree = "<group>";
		};
		7913205A2077C85100CB1537 /* PTVN Editor */ = {
			isa = PBXGroup;
			children = (
				7913205B2077C85100CB1537 /* AppDelegate.swift */,
				799C221A20C6D57900DC9993 /* PTVNWindowController.swift */,
				799C221C20C6F89B00DC9993 /* PTVNTabView.swift */,
				79CCA6B92090BCE800909285 /* PTVN */,
				79CCA6B02090BBC600909285 /* Doctor */,
				79CCA6B12090BBF800909285 /* ROS */,
				79CCA6B22090BC1200909285 /* DM */,
				79CCA6B32090BC1900909285 /* HPI */,
				79CCA6B42090BC2000909285 /* Lab */,
				79CCA6B52090BC2900909285 /* Pain */,
				79CCA6B62090BC3000909285 /* ProcInj */,
				79CCA6B72090BC3A00909285 /* RadRef */,
				79CCA6B82090BC4400909285 /* WWE */,
				79CCA6C92090D17A00909285 /* Gen-Psych-HE-ENT-Neck */,
				79CCA6D42090D4AA00909285 /* CV-Chest-GI-Lymph */,
				79CCA6DD2090D5FC00909285 /* Extremeties */,
				79CCA6E82090DA4800909285 /* Skin-Gyn_GU-DRE */,
				79CCA6ED2090DB8D00909285 /* Breast */,
				79CCA6F42090DC5700909285 /* Neuro-MSK */,
				798BBB5520939C26002A28AA /* MWE */,
				798BBB4D2093963E002A28AA /* ESS */,
				798BBB4E20939646002A28AA /* Incontinence */,
				798BBB4F20939656002A28AA /* Memory */,
				798BBB502093965F002A28AA /* PHQ9 */,
				798BBB5A2093A005002A28AA /* Preventive */,
				798A8F7D20E3F4F60036A74C /* Mood */,
				79071F48225E494C0092E8F3 /* ADHD */,
				798CA1C420BEEB5700FA3D22 /* MedicineReviewVC.swift */,
				798BD5A120D15FA500FD089B /* CheckOutVC.swift */,
				791320612077C85200CB1537 /* Assets.xcassets */,
				791320662077C85200CB1537 /* Info.plist */,
				791320672077C85200CB1537 /* PTVN_Editor.entitlements */,
				79CCA6BA2090BCFC00909285 /* Extensions Etc */,
				79AFDF5020C04B33007FAB5C /* LineContainingView.swift */,
				79AFE1D22188C646007F4A5E /* BlackLineClass.swift */,
				79AFDF5220C04B8F007FAB5C /* CheckBoxContainingView.swift */,
				79349EA721765B420020F88B /* OrderedDictionary.swift */,
				79400C1321D53458008B7CFE /* SpellChecker.swift */,
			);
			path = "PTVN Editor";
			sourceTree = "<group>";
		};
		798A8F7D20E3F4F60036A74C /* Mood */ = {
			isa = PBXGroup;
			children = (
				79E60BD820DBF56700BC775B /* MoodVC.swift */,
				798D8E6620E2847F00BE657E /* MoodModel.swift */,
			);
			path = Mood;
			sourceTree = "<group>";
		};
		798BBB4D2093963E002A28AA /* ESS */ = {
			isa = PBXGroup;
			children = (
				798BBB3D20939613002A28AA /* ESSController.swift */,
				798BBB4220939616002A28AA /* ESSModel.swift */,
			);
			path = ESS;
			sourceTree = "<group>";
		};
		798BBB4E20939646002A28AA /* Incontinence */ = {
			isa = PBXGroup;
			children = (
				798BBB3E20939613002A28AA /* IncontinenceController.swift */,
				798BBB4420939617002A28AA /* IncontinenceModel.swift */,
			);
			path = Incontinence;
			sourceTree = "<group>";
		};
		798BBB4F20939656002A28AA /* Memory */ = {
			isa = PBXGroup;
			children = (
				798BBB4020939615002A28AA /* MemoryController.swift */,
				798BBB4320939616002A28AA /* MemoryModel.swift */,
			);
			path = Memory;
			sourceTree = "<group>";
		};
		798BBB502093965F002A28AA /* PHQ9 */ = {
			isa = PBXGroup;
			children = (
				798BBB3F20939614002A28AA /* PHQ9Controller.swift */,
				798BBB4120939615002A28AA /* PHQ9Model.swift */,
			);
			path = PHQ9;
			sourceTree = "<group>";
		};
		798BBB5520939C26002A28AA /* MWE */ = {
			isa = PBXGroup;
			children = (
				798BBB5120939C1F002A28AA /* MWEController.swift */,
				798BBB5220939C20002A28AA /* MWEModel.swift */,
			);
			path = MWE;
			sourceTree = "<group>";
		};
		798BBB5A2093A005002A28AA /* Preventive */ = {
			isa = PBXGroup;
			children = (
				798BBB572093A000002A28AA /* PreventiveController.swift */,
				798BBB5620939FFF002A28AA /* PreventiveModel.swift */,
			);
			path = Preventive;
			sourceTree = "<group>";
		};
		79CCA6B02090BBC600909285 /* Doctor */ = {
			isa = PBXGroup;
			children = (
				795C875121B71BD700E99E0C /* Doc.storyboard */,
				7906DEEA208E16A700CD11A1 /* DoctorViewController.swift */,
				7906DEEB208E16A700CD11A1 /* DoctorModel.swift */,
			);
			path = Doctor;
			sourceTree = "<group>";
		};
		79CCA6B12090BBF800909285 /* ROS */ = {
			isa = PBXGroup;
			children = (
				79AFE1CD2188A124007F4A5E /* ROS.storyboard */,
				7906DEE7208E123900CD11A1 /* ROSViewController.swift */,
				7906DEE6208E123900CD11A1 /* ROSModel.swift */,
				795B7234219B47800010B07E /* TitlesAndOutput.swift */,
			);
			path = ROS;
			sourceTree = "<group>";
		};
		79CCA6B22090BC1200909285 /* DM */ = {
			isa = PBXGroup;
			children = (
				79CCA6A12090B73F00909285 /* DMModel.swift */,
				79CCA69A2090B73E00909285 /* DMViewController.swift */,
			);
			path = DM;
			sourceTree = "<group>";
		};
		79CCA6B32090BC1900909285 /* HPI */ = {
			isa = PBXGroup;
			children = (
				79CCA6962090B73D00909285 /* HPIViewController.swift */,
				79CCA6982090B73D00909285 /* HPIModel.swift */,
			);
			path = HPI;
			sourceTree = "<group>";
		};
		79CCA6B42090BC2000909285 /* Lab */ = {
			isa = PBXGroup;
			children = (
				79CCA69F2090B73E00909285 /* LabsViewController.swift */,
				79CCA69B2090B73E00909285 /* LabsModel.swift */,
				799C11BB20ADD2A000FBCC13 /* LabSetUpPrintViewController.swift */,
			);
			path = Lab;
			sourceTree = "<group>";
		};
		79CCA6B52090BC2900909285 /* Pain */ = {
			isa = PBXGroup;
			children = (
				79412AD72310318C00216702 /* Pain.storyboard */,
				79CCA6972090B73D00909285 /* PainViewController.swift */,
				79CCA6942090B73D00909285 /* PainModel.swift */,
				79412ADA2310322C00216702 /* PillCountVC.swift */,
			);
			path = Pain;
			sourceTree = "<group>";
		};
		79CCA6B62090BC3000909285 /* ProcInj */ = {
			isa = PBXGroup;
			children = (
				79CCA6992090B73D00909285 /* ProcInjViewController.swift */,
				79CCA69C2090B73E00909285 /* ProcInjModel.swift */,
			);
			path = ProcInj;
			sourceTree = "<group>";
		};
		79CCA6B72090BC3A00909285 /* RadRef */ = {
			isa = PBXGroup;
			children = (
				79CCA6952090B73D00909285 /* RadRefViewController.swift */,
				79CCA69E2090B73E00909285 /* RadRefModel.swift */,
			);
			path = RadRef;
			sourceTree = "<group>";
		};
		79CCA6B82090BC4400909285 /* WWE */ = {
			isa = PBXGroup;
			children = (
				79CCA6A02090B73E00909285 /* WWEViewController.swift */,
				79CCA69D2090B73E00909285 /* WWEModel.swift */,
			);
			path = WWE;
			sourceTree = "<group>";
		};
		79CCA6B92090BCE800909285 /* PTVN */ = {
			isa = PBXGroup;
			children = (
				7913205D2077C85100CB1537 /* ViewController.swift */,
				7913205F2077C85100CB1537 /* Document.swift */,
				79DDB9E8208786A500E01853 /* PTVNModel.swift */,
				79477C8B21779A9B00E9219D /* AssessmentModel.swift */,
				7967689621F7745F000A836F /* PreferencesViewController.swift */,
				7967689921F7750D000A836F /* PreferencesModel.swift */,
			);
			path = PTVN;
			sourceTree = "<group>";
		};
		79CCA6BA2090BCFC00909285 /* Extensions Etc */ = {
			isa = PBXGroup;
			children = (
				79DDB9EA208786BE00E01853 /* GeneralExtensions.swift */,
				79DDB9EB208786BE00E01853 /* Buttons.swift */,
				7964A237208F7DFF00B5790A /* StringExtensions.swift */,
			);
			path = "Extensions Etc";
			sourceTree = "<group>";
		};
		79CCA6C92090D17A00909285 /* Gen-Psych-HE-ENT-Neck */ = {
			isa = PBXGroup;
			children = (
				79CCA6C02090D16400909285 /* GenPsychHEENTNeck VC.swift */,
				79CCA6BD2090D16400909285 /* ENT Model.swift */,
				79CCA6BE2090D16400909285 /* General Model.swift */,
				79CCA6BF2090D16400909285 /* HeadEye Model.swift */,
				79CCA6C22090D16500909285 /* Neck Model.swift */,
				79CCA6C12090D16400909285 /* Psychological Model.swift */,
			);
			path = "Gen-Psych-HE-ENT-Neck";
			sourceTree = "<group>";
		};
		79CCA6D42090D4AA00909285 /* CV-Chest-GI-Lymph */ = {
			isa = PBXGroup;
			children = (
				79CCA6CC2090D49E00909285 /* CVChestGILymph VC.swift */,
				79CCA6CB2090D49D00909285 /* Chest Model.swift */,
				79CCA6CA2090D49D00909285 /* CV Model.swift */,
				79CCA6CD2090D49E00909285 /* GI Model.swift */,
				79CCA6CE2090D49E00909285 /* Lymph Model.swift */,
			);
			path = "CV-Chest-GI-Lymph";
			sourceTree = "<group>";
		};
		79CCA6DD2090D5FC00909285 /* Extremeties */ = {
			isa = PBXGroup;
			children = (
				79CCA6D72090D5F600909285 /* Extremities VC.swift */,
				79CCA6D52090D5F500909285 /* DigitAssessment.swift */,
				79CCA6D82090D5F600909285 /* Extremties Model.swift */,
				79CCA6D62090D5F600909285 /* LimbAssessment.swift */,
			);
			path = Extremeties;
			sourceTree = "<group>";
		};
		79CCA6E82090DA4800909285 /* Skin-Gyn_GU-DRE */ = {
			isa = PBXGroup;
			children = (
				79CCA6E12090DA4100909285 /* SkinGynGUDRE VC.swift */,
				79CCA6E22090DA4100909285 /* DRE Model.swift */,
				79CCA6DF2090DA4000909285 /* GU Model.swift */,
				79CCA6DE2090DA3F00909285 /* Gyn Model.swift */,
				79CCA6E02090DA4000909285 /* Skin Model.swift */,
			);
			path = "Skin-Gyn_GU-DRE";
			sourceTree = "<group>";
		};
		79CCA6ED2090DB8D00909285 /* Breast */ = {
			isa = PBXGroup;
			children = (
				79CCA6E92090DB7C00909285 /* Breast VC.swift */,
				79CCA6EA2090DB7C00909285 /* Breast Model.swift */,
			);
			path = Breast;
			sourceTree = "<group>";
		};
		79CCA6F42090DC5700909285 /* Neuro-MSK */ = {
			isa = PBXGroup;
			children = (
				79CCA6F02090DC4E00909285 /* NeuroMSK VC.swift */,
				79CCA6EE2090DC4D00909285 /* MSK Model.swift */,
				79CCA6EF2090DC4D00909285 /* Neuro Model.swift */,
			);
			path = "Neuro-MSK";
			sourceTree = "<group>";
		};
/* End PBXGroup section */

/* Begin PBXNativeTarget section */
		791320572077C85100CB1537 /* PTVN Editor */ = {
			isa = PBXNativeTarget;
			buildConfigurationList = 7913206A2077C85200CB1537 /* Build configuration list for PBXNativeTarget "PTVN Editor" */;
			buildPhases = (
				791320542077C85100CB1537 /* Sources */,
				791320552077C85100CB1537 /* Frameworks */,
				791320562077C85100CB1537 /* Resources */,
			);
			buildRules = (
			);
			dependencies = (
			);
			name = "PTVN Editor";
			productName = "PTVN Editor";
			productReference = 791320582077C85100CB1537 /* PTVN Editor.app */;
			productType = "com.apple.product-type.application";
		};
/* End PBXNativeTarget section */

/* Begin PBXProject section */
		791320502077C85100CB1537 /* Project object */ = {
			isa = PBXProject;
			attributes = {
				LastSwiftUpdateCheck = 0930;
				LastUpgradeCheck = 0930;
				ORGANIZATIONNAME = Fool;
				TargetAttributes = {
					791320572077C85100CB1537 = {
						CreatedOnToolsVersion = 9.3;
						LastSwiftMigration = 1000;
						SystemCapabilities = {
							com.apple.Sandbox = {
								enabled = 0;
							};
						};
					};
				};
			};
			buildConfigurationList = 791320532077C85100CB1537 /* Build configuration list for PBXProject "PTVN Editor" */;
			compatibilityVersion = "Xcode 9.3";
			developmentRegion = en;
			hasScannedForEncodings = 0;
			knownRegions = (
				en,
				Base,
			);
			mainGroup = 7913204F2077C85100CB1537;
			productRefGroup = 791320592077C85100CB1537 /* Products */;
			projectDirPath = "";
			projectRoot = "";
			targets = (
				791320572077C85100CB1537 /* PTVN Editor */,
			);
		};
/* End PBXProject section */

/* Begin PBXResourcesBuildPhase section */
		791320562077C85100CB1537 /* Resources */ = {
			isa = PBXResourcesBuildPhase;
			buildActionMask = 2147483647;
			files = (
				79412AD92310318C00216702 /* Pain.storyboard in Resources */,
				791320622077C85200CB1537 /* Assets.xcassets in Resources */,
				79AFE1CE2188A124007F4A5E /* ROS.storyboard in Resources */,
				79AFE1D12188A223007F4A5E /* PhysicalExam.storyboard in Resources */,
				795C875321B71BD700E99E0C /* Doc.storyboard in Resources */,
				791320652077C85200CB1537 /* Main.storyboard in Resources */,
			);
			runOnlyForDeploymentPostprocessing = 0;
		};
/* End PBXResourcesBuildPhase section */

/* Begin PBXSourcesBuildPhase section */
		791320542077C85100CB1537 /* Sources */ = {
			isa = PBXSourcesBuildPhase;
			buildActionMask = 2147483647;
			files = (
				7964A238208F7DFF00B5790A /* StringExtensions.swift in Sources */,
				79CCA6C32090D16500909285 /* ENT Model.swift in Sources */,
				79CCA6F32090DC4E00909285 /* NeuroMSK VC.swift in Sources */,
				798BD5A220D15FA500FD089B /* CheckOutVC.swift in Sources */,
				7967689A21F7750D000A836F /* PreferencesModel.swift in Sources */,
				79AFDF5320C04B8F007FAB5C /* CheckBoxContainingView.swift in Sources */,
				79477C8C21779A9B00E9219D /* AssessmentModel.swift in Sources */,
				79DDB9ED208786BE00E01853 /* GeneralExtensions.swift in Sources */,
				79412ADB2310322C00216702 /* PillCountVC.swift in Sources */,
				7906DEEC208E16A800CD11A1 /* DoctorViewController.swift in Sources */,
				79DDB9E9208786A500E01853 /* PTVNModel.swift in Sources */,
				79CCA6A72090B73F00909285 /* ProcInjViewController.swift in Sources */,
				79CCA6D22090D49F00909285 /* GI Model.swift in Sources */,
				79CCA6E42090DA4200909285 /* GU Model.swift in Sources */,
				795B7235219B47800010B07E /* TitlesAndOutput.swift in Sources */,
				79CCA6EB2090DB7D00909285 /* Breast VC.swift in Sources */,
				79AFDF5120C04B33007FAB5C /* LineContainingView.swift in Sources */,
				79DDB9EE208786BE00E01853 /* Buttons.swift in Sources */,
				79CCA6AF2090B73F00909285 /* DMModel.swift in Sources */,
				7906DEE9208E123900CD11A1 /* ROSViewController.swift in Sources */,
				79CCA6C52090D16500909285 /* HeadEye Model.swift in Sources */,
				798D8E6720E2847F00BE657E /* MoodModel.swift in Sources */,
				798BBB4820939617002A28AA /* MemoryController.swift in Sources */,
				79CCA6DB2090D5F600909285 /* Extremities VC.swift in Sources */,
				79CCA6C72090D16500909285 /* Psychological Model.swift in Sources */,
				79CCA6C42090D16500909285 /* General Model.swift in Sources */,
				79CCA6A42090B73F00909285 /* HPIViewController.swift in Sources */,
				79CCA6DC2090D5F600909285 /* Extremties Model.swift in Sources */,
				7913205E2077C85100CB1537 /* ViewController.swift in Sources */,
				79CCA6A32090B73F00909285 /* RadRefViewController.swift in Sources */,
				79CCA6AB2090B73F00909285 /* WWEModel.swift in Sources */,
				79CCA6F12090DC4E00909285 /* MSK Model.swift in Sources */,
				79400C1421D53458008B7CFE /* SpellChecker.swift in Sources */,
				799C221D20C6F89B00DC9993 /* PTVNTabView.swift in Sources */,
				79CCA6E62090DA4200909285 /* SkinGynGUDRE VC.swift in Sources */,
				79CCA6AD2090B73F00909285 /* LabsViewController.swift in Sources */,
				79071F45225E483C0092E8F3 /* ADHDVC.swift in Sources */,
				798CA1C520BEEB5700FA3D22 /* MedicineReviewVC.swift in Sources */,
				79CCA6A62090B73F00909285 /* HPIModel.swift in Sources */,
				798BBB4B20939617002A28AA /* MemoryModel.swift in Sources */,
				798BBB4620939617002A28AA /* IncontinenceController.swift in Sources */,
				79CCA6F22090DC4E00909285 /* Neuro Model.swift in Sources */,
				79CCA6C62090D16500909285 /* GenPsychHEENTNeck VC.swift in Sources */,
				798BBB4520939617002A28AA /* ESSController.swift in Sources */,
				79CCA6D02090D49F00909285 /* Chest Model.swift in Sources */,
				79CCA6E52090DA4200909285 /* Skin Model.swift in Sources */,
				798BBB582093A000002A28AA /* PreventiveModel.swift in Sources */,
				798BBB5320939C20002A28AA /* MWEController.swift in Sources */,
				798BBB4A20939617002A28AA /* ESSModel.swift in Sources */,
				79CCA6AE2090B73F00909285 /* WWEViewController.swift in Sources */,
				79CCA6A52090B73F00909285 /* PainViewController.swift in Sources */,
				79349EA821765B420020F88B /* OrderedDictionary.swift in Sources */,
				79CCA6A92090B73F00909285 /* LabsModel.swift in Sources */,
				7913205C2077C85100CB1537 /* AppDelegate.swift in Sources */,
				79CCA6CF2090D49F00909285 /* CV Model.swift in Sources */,
				79CCA6A82090B73F00909285 /* DMViewController.swift in Sources */,
				7906DEE8208E123900CD11A1 /* ROSModel.swift in Sources */,
				7967689821F7745F000A836F /* PreferencesViewController.swift in Sources */,
				79CCA6AA2090B73F00909285 /* ProcInjModel.swift in Sources */,
				79CCA6D32090D49F00909285 /* Lymph Model.swift in Sources */,
				79CCA6AC2090B73F00909285 /* RadRefModel.swift in Sources */,
				791320602077C85100CB1537 /* Document.swift in Sources */,
				798BBB4920939617002A28AA /* PHQ9Model.swift in Sources */,
				79CCA6D12090D49F00909285 /* CVChestGILymph VC.swift in Sources */,
				79CCA6C82090D16500909285 /* Neck Model.swift in Sources */,
				798BBB5420939C20002A28AA /* MWEModel.swift in Sources */,
				7906DEED208E16A800CD11A1 /* DoctorModel.swift in Sources */,
				79CCA6A22090B73F00909285 /* PainModel.swift in Sources */,
				79CCA6DA2090D5F600909285 /* LimbAssessment.swift in Sources */,
				799C11BD20ADD2A000FBCC13 /* LabSetUpPrintViewController.swift in Sources */,
				79CCA6D92090D5F600909285 /* DigitAssessment.swift in Sources */,
				799C221B20C6D57900DC9993 /* PTVNWindowController.swift in Sources */,
				79CCA6E72090DA4200909285 /* DRE Model.swift in Sources */,
				798BBB4C20939617002A28AA /* IncontinenceModel.swift in Sources */,
				79AFE1D32188C646007F4A5E /* BlackLineClass.swift in Sources */,
				79E60BD920DBF56700BC775B /* MoodVC.swift in Sources */,
				798BBB4720939617002A28AA /* PHQ9Controller.swift in Sources */,
				79071F47225E493E0092E8F3 /* ADHDModel.swift in Sources */,
				798BBB592093A000002A28AA /* PreventiveController.swift in Sources */,
				79CCA6E32090DA4200909285 /* Gyn Model.swift in Sources */,
				79CCA6EC2090DB7D00909285 /* Breast Model.swift in Sources */,
			);
			runOnlyForDeploymentPostprocessing = 0;
		};
/* End PBXSourcesBuildPhase section */

/* Begin PBXVariantGroup section */
		791320632077C85200CB1537 /* Main.storyboard */ = {
			isa = PBXVariantGroup;
			children = (
				791320642077C85200CB1537 /* Base */,
			);
			name = Main.storyboard;
			sourceTree = "<group>";
		};
		79412AD72310318C00216702 /* Pain.storyboard */ = {
			isa = PBXVariantGroup;
			children = (
				79412AD82310318C00216702 /* Base */,
			);
			name = Pain.storyboard;
			sourceTree = "<group>";
		};
		795C875121B71BD700E99E0C /* Doc.storyboard */ = {
			isa = PBXVariantGroup;
			children = (
				795C875221B71BD700E99E0C /* Base */,
			);
			name = Doc.storyboard;
			sourceTree = "<group>";
		};
		79AFE1CF2188A223007F4A5E /* PhysicalExam.storyboard */ = {
			isa = PBXVariantGroup;
			children = (
				79AFE1D02188A223007F4A5E /* Base */,
			);
			name = PhysicalExam.storyboard;
			sourceTree = "<group>";
		};
/* End PBXVariantGroup section */

/* Begin XCBuildConfiguration section */
		791320682077C85200CB1537 /* Debug */ = {
			isa = XCBuildConfiguration;
			buildSettings = {
				ALWAYS_SEARCH_USER_PATHS = NO;
				CLANG_ANALYZER_NONNULL = YES;
				CLANG_ANALYZER_NUMBER_OBJECT_CONVERSION = YES_AGGRESSIVE;
				CLANG_CXX_LANGUAGE_STANDARD = "gnu++14";
				CLANG_CXX_LIBRARY = "libc++";
				CLANG_ENABLE_MODULES = YES;
				CLANG_ENABLE_OBJC_ARC = YES;
				CLANG_ENABLE_OBJC_WEAK = YES;
				CLANG_WARN_BLOCK_CAPTURE_AUTORELEASING = YES;
				CLANG_WARN_BOOL_CONVERSION = YES;
				CLANG_WARN_COMMA = YES;
				CLANG_WARN_CONSTANT_CONVERSION = YES;
				CLANG_WARN_DEPRECATED_OBJC_IMPLEMENTATIONS = YES;
				CLANG_WARN_DIRECT_OBJC_ISA_USAGE = YES_ERROR;
				CLANG_WARN_DOCUMENTATION_COMMENTS = YES;
				CLANG_WARN_EMPTY_BODY = YES;
				CLANG_WARN_ENUM_CONVERSION = YES;
				CLANG_WARN_INFINITE_RECURSION = YES;
				CLANG_WARN_INT_CONVERSION = YES;
				CLANG_WARN_NON_LITERAL_NULL_CONVERSION = YES;
				CLANG_WARN_OBJC_IMPLICIT_RETAIN_SELF = YES;
				CLANG_WARN_OBJC_LITERAL_CONVERSION = YES;
				CLANG_WARN_OBJC_ROOT_CLASS = YES_ERROR;
				CLANG_WARN_RANGE_LOOP_ANALYSIS = YES;
				CLANG_WARN_STRICT_PROTOTYPES = YES;
				CLANG_WARN_SUSPICIOUS_MOVE = YES;
				CLANG_WARN_UNGUARDED_AVAILABILITY = YES_AGGRESSIVE;
				CLANG_WARN_UNREACHABLE_CODE = YES;
				CLANG_WARN__DUPLICATE_METHOD_MATCH = YES;
				CODE_SIGN_IDENTITY = "Mac Developer";
				COPY_PHASE_STRIP = NO;
				DEBUG_INFORMATION_FORMAT = dwarf;
				ENABLE_STRICT_OBJC_MSGSEND = YES;
				ENABLE_TESTABILITY = YES;
				GCC_C_LANGUAGE_STANDARD = gnu11;
				GCC_DYNAMIC_NO_PIC = NO;
				GCC_NO_COMMON_BLOCKS = YES;
				GCC_OPTIMIZATION_LEVEL = 0;
				GCC_PREPROCESSOR_DEFINITIONS = (
					"DEBUG=1",
					"$(inherited)",
				);
				GCC_WARN_64_TO_32_BIT_CONVERSION = YES;
				GCC_WARN_ABOUT_RETURN_TYPE = YES_ERROR;
				GCC_WARN_UNDECLARED_SELECTOR = YES;
				GCC_WARN_UNINITIALIZED_AUTOS = YES_AGGRESSIVE;
				GCC_WARN_UNUSED_FUNCTION = YES;
				GCC_WARN_UNUSED_VARIABLE = YES;
				MACOSX_DEPLOYMENT_TARGET = 10.11;
				MTL_ENABLE_DEBUG_INFO = YES;
				ONLY_ACTIVE_ARCH = YES;
				SDKROOT = macosx;
				SWIFT_ACTIVE_COMPILATION_CONDITIONS = DEBUG;
				SWIFT_OPTIMIZATION_LEVEL = "-Onone";
			};
			name = Debug;
		};
		791320692077C85200CB1537 /* Release */ = {
			isa = XCBuildConfiguration;
			buildSettings = {
				ALWAYS_SEARCH_USER_PATHS = NO;
				CLANG_ANALYZER_NONNULL = YES;
				CLANG_ANALYZER_NUMBER_OBJECT_CONVERSION = YES_AGGRESSIVE;
				CLANG_CXX_LANGUAGE_STANDARD = "gnu++14";
				CLANG_CXX_LIBRARY = "libc++";
				CLANG_ENABLE_MODULES = YES;
				CLANG_ENABLE_OBJC_ARC = YES;
				CLANG_ENABLE_OBJC_WEAK = YES;
				CLANG_WARN_BLOCK_CAPTURE_AUTORELEASING = YES;
				CLANG_WARN_BOOL_CONVERSION = YES;
				CLANG_WARN_COMMA = YES;
				CLANG_WARN_CONSTANT_CONVERSION = YES;
				CLANG_WARN_DEPRECATED_OBJC_IMPLEMENTATIONS = YES;
				CLANG_WARN_DIRECT_OBJC_ISA_USAGE = YES_ERROR;
				CLANG_WARN_DOCUMENTATION_COMMENTS = YES;
				CLANG_WARN_EMPTY_BODY = YES;
				CLANG_WARN_ENUM_CONVERSION = YES;
				CLANG_WARN_INFINITE_RECURSION = YES;
				CLANG_WARN_INT_CONVERSION = YES;
				CLANG_WARN_NON_LITERAL_NULL_CONVERSION = YES;
				CLANG_WARN_OBJC_IMPLICIT_RETAIN_SELF = YES;
				CLANG_WARN_OBJC_LITERAL_CONVERSION = YES;
				CLANG_WARN_OBJC_ROOT_CLASS = YES_ERROR;
				CLANG_WARN_RANGE_LOOP_ANALYSIS = YES;
				CLANG_WARN_STRICT_PROTOTYPES = YES;
				CLANG_WARN_SUSPICIOUS_MOVE = YES;
				CLANG_WARN_UNGUARDED_AVAILABILITY = YES_AGGRESSIVE;
				CLANG_WARN_UNREACHABLE_CODE = YES;
				CLANG_WARN__DUPLICATE_METHOD_MATCH = YES;
				CODE_SIGN_IDENTITY = "Mac Developer";
				COPY_PHASE_STRIP = NO;
				DEBUG_INFORMATION_FORMAT = "dwarf-with-dsym";
				ENABLE_NS_ASSERTIONS = NO;
				ENABLE_STRICT_OBJC_MSGSEND = YES;
				GCC_C_LANGUAGE_STANDARD = gnu11;
				GCC_NO_COMMON_BLOCKS = YES;
				GCC_WARN_64_TO_32_BIT_CONVERSION = YES;
				GCC_WARN_ABOUT_RETURN_TYPE = YES_ERROR;
				GCC_WARN_UNDECLARED_SELECTOR = YES;
				GCC_WARN_UNINITIALIZED_AUTOS = YES_AGGRESSIVE;
				GCC_WARN_UNUSED_FUNCTION = YES;
				GCC_WARN_UNUSED_VARIABLE = YES;
				MACOSX_DEPLOYMENT_TARGET = 10.11;
				MTL_ENABLE_DEBUG_INFO = NO;
				SDKROOT = macosx;
				SWIFT_COMPILATION_MODE = wholemodule;
				SWIFT_OPTIMIZATION_LEVEL = "-O";
			};
			name = Release;
		};
		7913206B2077C85200CB1537 /* Debug */ = {
			isa = XCBuildConfiguration;
			buildSettings = {
				ASSETCATALOG_COMPILER_APPICON_NAME = AppIcon;
				CODE_SIGN_STYLE = Automatic;
				COMBINE_HIDPI_IMAGES = YES;
				CURRENT_PROJECT_VERSION = b2;
				DEVELOPMENT_TEAM = VY6BVT84SC;
				INFOPLIST_FILE = "PTVN Editor/Info.plist";
				LD_RUNPATH_SEARCH_PATHS = (
					"$(inherited)",
					"@executable_path/../Frameworks",
				);
				MACOSX_DEPLOYMENT_TARGET = 10.11;
				MARKETING_VERSION = 1.78;
				PRODUCT_BUNDLE_IDENTIFIER = "com.fulgentwake.PTVN-Editor";
				PRODUCT_NAME = "$(TARGET_NAME)";
				SWIFT_VERSION = 4.2;
			};
			name = Debug;
		};
		7913206C2077C85200CB1537 /* Release */ = {
			isa = XCBuildConfiguration;
			buildSettings = {
				ASSETCATALOG_COMPILER_APPICON_NAME = AppIcon;
				CODE_SIGN_STYLE = Automatic;
				COMBINE_HIDPI_IMAGES = YES;
				CURRENT_PROJECT_VERSION = b2;
				DEVELOPMENT_TEAM = VY6BVT84SC;
				INFOPLIST_FILE = "PTVN Editor/Info.plist";
				LD_RUNPATH_SEARCH_PATHS = (
					"$(inherited)",
					"@executable_path/../Frameworks",
				);
				MACOSX_DEPLOYMENT_TARGET = 10.11;
				MARKETING_VERSION = 1.78;
				PRODUCT_BUNDLE_IDENTIFIER = "com.fulgentwake.PTVN-Editor";
				PRODUCT_NAME = "$(TARGET_NAME)";
				SWIFT_VERSION = 4.2;
			};
			name = Release;
		};
/* End XCBuildConfiguration section */

/* Begin XCConfigurationList section */
		791320532077C85100CB1537 /* Build configuration list for PBXProject "PTVN Editor" */ = {
			isa = XCConfigurationList;
			buildConfigurations = (
				791320682077C85200CB1537 /* Debug */,
				791320692077C85200CB1537 /* Release */,
			);
			defaultConfigurationIsVisible = 0;
			defaultConfigurationName = Release;
		};
		7913206A2077C85200CB1537 /* Build configuration list for PBXNativeTarget "PTVN Editor" */ = {
			isa = XCConfigurationList;
			buildConfigurations = (
				7913206B2077C85200CB1537 /* Debug */,
				7913206C2077C85200CB1537 /* Release */,
			);
			defaultConfigurationIsVisible = 0;
			defaultConfigurationName = Release;
		};
/* End XCConfigurationList section */
	};
	rootObject = 791320502077C85100CB1537 /* Project object */;
}
